# THIS IS AN AUTOGENERATED FILE. DO NOT EDIT THIS FILE DIRECTLY.
# yarn lockfile v1


"@next/env@12.2.5-canary.0":
  version "12.2.5-canary.0"
  resolved "https://registry.yarnpkg.com/@next/env/-/env-12.2.5-canary.0.tgz#94fe356f00ac87ae79f434408c8264383e8f7ffe"
  integrity sha512-jsJHnPUncbS0YbS69PIzxDR8Jds9mEgKtcTAEBm822b74l2npg4OMtFhabThF3PUcz3KGNSMDZEUIfh0Y3L8Qg==

"@next/swc-android-arm-eabi@12.2.5-canary.0":
  version "12.2.5-canary.0"
  resolved "https://registry.yarnpkg.com/@next/swc-android-arm-eabi/-/swc-android-arm-eabi-12.2.5-canary.0.tgz#42abc47fd26114cdb1f8867204153d9f3fb4b0ce"
  integrity sha512-xvd3VAW0S4+yJdS90R9SQmNTAF6o+zIJ5W7nLV4aHtBjzsCd6WPi0QY/kN7q9KI5WsGYzzgxUBK7Es1oITGK3Q==

"@next/swc-android-arm64@12.2.5-canary.0":
  version "12.2.5-canary.0"
  resolved "https://registry.yarnpkg.com/@next/swc-android-arm64/-/swc-android-arm64-12.2.5-canary.0.tgz#47491d35a62992b50015e91b0beeb183b28aa5b1"
  integrity sha512-TIBbcHyrJSBfGK1ApQjd6g+D2CwN1m+jUWrKym2BZYEe8TJTtvYosE/0RcRMfwea/Ap37tTVKgcY9dV7GFU5bA==

"@next/swc-darwin-arm64@12.2.5-canary.0":
  version "12.2.5-canary.0"
  resolved "https://registry.yarnpkg.com/@next/swc-darwin-arm64/-/swc-darwin-arm64-12.2.5-canary.0.tgz#e5c19fba305730c7f07a649c7f920cd214bcd787"
  integrity sha512-O1zqOp9Lva0nH8Xvsz1vC+XG7AWqiHsUvYod7TgW/asfB/2dr7UlHPnWMKsX7zNhT6rocAV85BKtKHwUupLuLQ==

"@next/swc-darwin-x64@12.2.5-canary.0":
  version "12.2.5-canary.0"
  resolved "https://registry.yarnpkg.com/@next/swc-darwin-x64/-/swc-darwin-x64-12.2.5-canary.0.tgz#a53167a3a8c8495c01da6c73ccc430c9a7e0e6c6"
  integrity sha512-ftgUscNaNE6cl0F/NiiXniSXzMmBDENN++zGkMN17PDdYit+riMgMsOD8TShKui3UkCvSJDZtLKF6DQJxCZFyg==

"@next/swc-freebsd-x64@12.2.5-canary.0":
  version "12.2.5-canary.0"
  resolved "https://registry.yarnpkg.com/@next/swc-freebsd-x64/-/swc-freebsd-x64-12.2.5-canary.0.tgz#7c114f13d7297119980584d1edde80d3ed31a31f"
  integrity sha512-mC/a56azVNPjXSGj0OqkVeRYMO0FdnVoaqBwejBM8n1y3/o723GQjva0Bs4ahe+mOxPPX6ri4JfF0I+TTizEVQ==

"@next/swc-linux-arm-gnueabihf@12.2.5-canary.0":
  version "12.2.5-canary.0"
  resolved "https://registry.yarnpkg.com/@next/swc-linux-arm-gnueabihf/-/swc-linux-arm-gnueabihf-12.2.5-canary.0.tgz#8ef4cdd9b411ed8d0aa14b11380ae3e5549b3e5b"
  integrity sha512-NQpeF9rme6DxbGNPVBGdzHC694UYZiNJ38QcCTgJ/GpmKMLyOfR1L7tAEoGHBBYNUhuj/mbpnDIDgjDE/w7qfg==

"@next/swc-linux-arm64-gnu@12.2.5-canary.0":
  version "12.2.5-canary.0"
  resolved "https://registry.yarnpkg.com/@next/swc-linux-arm64-gnu/-/swc-linux-arm64-gnu-12.2.5-canary.0.tgz#dd9b533122dfcb9fccd64f1c21ead371afec2a43"
  integrity sha512-24MJH3KbBSI0A9+wyHvUn1wj2FAN1KdUZFo1i7wwlfqybzlLlZKls2YWnfZUP+Gq/XjR5fhjnlCa13rkJcePDg==

"@next/swc-linux-arm64-musl@12.2.5-canary.0":
  version "12.2.5-canary.0"
  resolved "https://registry.yarnpkg.com/@next/swc-linux-arm64-musl/-/swc-linux-arm64-musl-12.2.5-canary.0.tgz#cef8124d2cb4387e5ef0d0fc6b7589351a57937c"
  integrity sha512-DGvuWcDa7V/haMIGNlJRnFsC62zHK10rws5FmqaYr92uBo1NrzcDGWR5dOzei8Ilvadcud2c5D81vd1/h0bbEg==

"@next/swc-linux-x64-gnu@12.2.5-canary.0":
  version "12.2.5-canary.0"
  resolved "https://registry.yarnpkg.com/@next/swc-linux-x64-gnu/-/swc-linux-x64-gnu-12.2.5-canary.0.tgz#72cb406991d4bc55596ee41af73b1a3e5e5dbca0"
  integrity sha512-qUKlA04NuUF3IIRjN8Fjqo3yQOHfPwQxXqNz3OXO+VL9zyOkenVphMG7lO3VEG7ssmEf5Bi7yMh0iDelhQke5w==

"@next/swc-linux-x64-musl@12.2.5-canary.0":
  version "12.2.5-canary.0"
  resolved "https://registry.yarnpkg.com/@next/swc-linux-x64-musl/-/swc-linux-x64-musl-12.2.5-canary.0.tgz#0de8734a372c14d720ebc64354031912d98f4852"
  integrity sha512-qwRD79KuJvvRTEzovafWI7KECkvhsqTQdygKqaVLnCiSCfR20l7wjZaEDxNUmx28e5gZSW1b7EVOALyc88l3kA==

"@next/swc-win32-arm64-msvc@12.2.5-canary.0":
  version "12.2.5-canary.0"
  resolved "https://registry.yarnpkg.com/@next/swc-win32-arm64-msvc/-/swc-win32-arm64-msvc-12.2.5-canary.0.tgz#7544da1a3fd49277d6042f4531b3f7df99626816"
  integrity sha512-240VvJ5k6MFXuNvE+JfZQRLVO87gNAbMUFda3rK4L2ASYe/kiRiRvhonk+EaQ5wZqSTuu1kQhBt4TbIOE6TZpw==

"@next/swc-win32-ia32-msvc@12.2.5-canary.0":
  version "12.2.5-canary.0"
  resolved "https://registry.yarnpkg.com/@next/swc-win32-ia32-msvc/-/swc-win32-ia32-msvc-12.2.5-canary.0.tgz#4766feb4ca4e2d9fb4081ec6ece8460f8c739f1f"
  integrity sha512-2NxD3b4u1JZjj2D+sjFYg6Jofeq3BGNz2b/CtXcO9sbGp4uK/90/iLW/wkJS8zo+9O09xMQX173cFzXqRStHfA==

"@next/swc-win32-x64-msvc@12.2.5-canary.0":
  version "12.2.5-canary.0"
  resolved "https://registry.yarnpkg.com/@next/swc-win32-x64-msvc/-/swc-win32-x64-msvc-12.2.5-canary.0.tgz#6ec8ccbe62a02715478fbc1e683917ef1a16fbaf"
  integrity sha512-zr2m2agkNmqF9+2moPiMA7lotYO5waboAc+YwBqzJPFjIeL23BVjtORwY9q0QTr+jcDyDduNIZocvYFR8yH8fw==

"@swc/helpers@0.4.3":
  version "0.4.3"
  resolved "https://registry.yarnpkg.com/@swc/helpers/-/helpers-0.4.3.tgz#16593dfc248c53b699d4b5026040f88ddb497012"
  integrity sha512-6JrF+fdUK2zbGpJIlN7G3v966PQjyx/dPt1T9km2wj+EUBqgrxCk3uX4Kct16MIm9gGxfKRcfax2hVf5jvlTzA==
  dependencies:
    tslib "^2.4.0"

"@types/node@^18.0.0":
  version "18.6.5"
  resolved "https://registry.yarnpkg.com/@types/node/-/node-18.6.5.tgz#06caea822caf9e59d5034b695186ee74154d2802"
  integrity sha512-Xjt5ZGUa5WusGZJ4WJPbOT8QOqp6nDynVFRKcUt32bOgvXEoc6o085WNkYTMO7ifAj2isEfQQ2cseE+wT6jsRw==

"@types/prop-types@*":
  version "15.7.5"
  resolved "https://registry.yarnpkg.com/@types/prop-types/-/prop-types-15.7.5.tgz#5f19d2b85a98e9558036f6a3cacc8819420f05cf"
  integrity sha512-JCB8C6SnDoQf0cNycqd/35A7MjcnK+ZTqE7judS6o7utxUCg6imJg3QK2qzHKszlTjcj2cn+NwMB2i96ubpj7w==

"@types/react@^18.0.14":
  version "18.0.17"
  resolved "https://registry.yarnpkg.com/@types/react/-/react-18.0.17.tgz#4583d9c322d67efe4b39a935d223edcc7050ccf4"
  integrity sha512-38ETy4tL+rn4uQQi7mB81G7V1g0u2ryquNmsVIOKUAEIDK+3CUjZ6rSRpdvS99dNBnkLFL83qfmtLacGOTIhwQ==
  dependencies:
    "@types/prop-types" "*"
    "@types/scheduler" "*"
    csstype "^3.0.2"

"@types/scheduler@*":
  version "0.16.2"
  resolved "https://registry.yarnpkg.com/@types/scheduler/-/scheduler-0.16.2.tgz#1a62f89525723dde24ba1b01b092bf5df8ad4d39"
  integrity sha512-hppQEBDmlwhFAXKJX2KnWLYu5yMfi91yazPb2l+lbJiwW+wdo1gNeRA+3RgNSO39WYX2euey41KEwnqesU2Jew==

caniuse-lite@^1.0.30001332:
  version "1.0.30001374"
  resolved "https://registry.yarnpkg.com/caniuse-lite/-/caniuse-lite-1.0.30001374.tgz#3dab138e3f5485ba2e74bd13eca7fe1037ce6f57"
  integrity sha512-mWvzatRx3w+j5wx/mpFN5v5twlPrabG8NqX2c6e45LCpymdoGqNvRkRutFUqpRTXKFQFNQJasvK0YT7suW6/Hw==

csstype@^3.0.2:
  version "3.1.0"
  resolved "https://registry.yarnpkg.com/csstype/-/csstype-3.1.0.tgz#4ddcac3718d787cf9df0d1b7d15033925c8f29f2"
  integrity sha512-uX1KG+x9h5hIJsaKR9xHUeUraxf8IODOwq9JLNPq6BwB04a/xgpq3rcx47l5BZu5zBPlgD342tdke3Hom/nJRA==

"js-tokens@^3.0.0 || ^4.0.0":
  version "4.0.0"
  resolved "https://registry.yarnpkg.com/js-tokens/-/js-tokens-4.0.0.tgz#19203fb59991df98e3a287050d4647cdeaf32499"
  integrity sha512-RdJUflcE3cUzKiMqQgsCu06FPu9UdIJO0beYbPhHN4k6apgJtifcoCtT9bcxOpYBtpD2kCM6Sbzg4CausW/PKQ==

loose-envify@^1.1.0:
  version "1.4.0"
  resolved "https://registry.yarnpkg.com/loose-envify/-/loose-envify-1.4.0.tgz#71ee51fa7be4caec1a63839f7e682d8132d30caf"
  integrity sha512-lyuxPGr/Wfhrlem2CL/UcnUc1zcqKAImBDzukY7Y5F/yQiNdko6+fRLevlw1HgMySw7f611UIY408EtxRSoK3Q==
  dependencies:
    js-tokens "^3.0.0 || ^4.0.0"

nanoid@^3.3.4:
  version "3.3.4"
  resolved "https://registry.yarnpkg.com/nanoid/-/nanoid-3.3.4.tgz#730b67e3cd09e2deacf03c027c81c9d9dbc5e8ab"
  integrity sha512-MqBkQh/OHTS2egovRtLk45wEyNXwF+cokD+1YPf9u5VfJiRdAiRwB2froX5Co9Rh20xs4siNPm8naNotSD6RBw==

next@canary:
  version "12.2.5-canary.0"
  resolved "https://registry.yarnpkg.com/next/-/next-12.2.5-canary.0.tgz#9edff3995bfde7149064f93b9447453898e1d2b5"
  integrity sha512-AlxpvH/TVjr0VnKwq5nG/r+tIaDltHLq6bAwy5jC7B+JAnnvA2a3BUKG9vDJpq3FWOdS/oG883BNygyHuNg8Ew==
  dependencies:
    "@next/env" "12.2.5-canary.0"
    "@swc/helpers" "0.4.3"
    caniuse-lite "^1.0.30001332"
    postcss "8.4.14"
    styled-jsx "5.0.2"
    use-sync-external-store "1.2.0"
  optionalDependencies:
    "@next/swc-android-arm-eabi" "12.2.5-canary.0"
    "@next/swc-android-arm64" "12.2.5-canary.0"
    "@next/swc-darwin-arm64" "12.2.5-canary.0"
    "@next/swc-darwin-x64" "12.2.5-canary.0"
    "@next/swc-freebsd-x64" "12.2.5-canary.0"
    "@next/swc-linux-arm-gnueabihf" "12.2.5-canary.0"
    "@next/swc-linux-arm64-gnu" "12.2.5-canary.0"
    "@next/swc-linux-arm64-musl" "12.2.5-canary.0"
    "@next/swc-linux-x64-gnu" "12.2.5-canary.0"
    "@next/swc-linux-x64-musl" "12.2.5-canary.0"
    "@next/swc-win32-arm64-msvc" "12.2.5-canary.0"
    "@next/swc-win32-ia32-msvc" "12.2.5-canary.0"
    "@next/swc-win32-x64-msvc" "12.2.5-canary.0"

picocolors@^1.0.0:
  version "1.0.0"
  resolved "https://registry.yarnpkg.com/picocolors/-/picocolors-1.0.0.tgz#cb5bdc74ff3f51892236eaf79d68bc44564ab81c"
  integrity sha512-1fygroTLlHu66zi26VoTDv8yRgm0Fccecssto+MhsZ0D/DGW2sm8E8AjW7NU5VVTRt5GxbeZ5qBuJr+HyLYkjQ==

postcss@8.4.14:
  version "8.4.14"
  resolved "https://registry.yarnpkg.com/postcss/-/postcss-8.4.14.tgz#ee9274d5622b4858c1007a74d76e42e56fd21caf"
  integrity sha512-E398TUmfAYFPBSdzgeieK2Y1+1cpdxJx8yXbK/m57nRhKSmk1GB2tO4lbLBtlkfPQTDKfe4Xqv1ASWPpayPEig==
  dependencies:
    nanoid "^3.3.4"
    picocolors "^1.0.0"
    source-map-js "^1.0.2"

react-dom@^18.2.0:
  version "18.2.0"
  resolved "https://registry.yarnpkg.com/react-dom/-/react-dom-18.2.0.tgz#22aaf38708db2674ed9ada224ca4aa708d821e3d"
  integrity sha512-6IMTriUmvsjHUjNtEDudZfuDQUoWXVxKHhlEGSk81n4YFS+r/Kl99wXiwlVXtPBtJenozv2P+hxDsw9eA7Xo6g==
  dependencies:
    loose-envify "^1.1.0"
    scheduler "^0.23.0"

react@^18.2.0:
  version "18.2.0"
  resolved "https://registry.yarnpkg.com/react/-/react-18.2.0.tgz#555bd98592883255fa00de14f1151a917b5d77d5"
  integrity sha512-/3IjMdb2L9QbBdWiW5e3P2/npwMBaU9mHCSCUzNln0ZCYbcfTsGbTJrU/kGemdH2IWmB2ioZ+zkxtmq6g09fGQ==
  dependencies:
    loose-envify "^1.1.0"

scheduler@^0.23.0:
  version "0.23.0"
  resolved "https://registry.yarnpkg.com/scheduler/-/scheduler-0.23.0.tgz#ba8041afc3d30eb206a487b6b384002e4e61fdfe"
  integrity sha512-CtuThmgHNg7zIZWAXi3AsyIzA3n4xx7aNyjwC2VJldO2LMVDhFK+63xGqq6CsJH4rTAt6/M+N4GhZiDYPx9eUw==
  dependencies:
    loose-envify "^1.1.0"

source-map-js@^1.0.2:
  version "1.0.2"
  resolved "https://registry.yarnpkg.com/source-map-js/-/source-map-js-1.0.2.tgz#adbc361d9c62df380125e7f161f71c826f1e490c"
  integrity sha512-R0XvVJ9WusLiqTCEiGCmICCMplcCkIwwR11mOSD9CR5u+IXYdiseeEuXCVAjS54zqwkLcPNnmU4OeJ6tUrWhDw==

styled-jsx@5.0.2:
  version "5.0.2"
  resolved "https://registry.yarnpkg.com/styled-jsx/-/styled-jsx-5.0.2.tgz#ff230fd593b737e9e68b630a694d460425478729"
  integrity sha512-LqPQrbBh3egD57NBcHET4qcgshPks+yblyhPlH2GY8oaDgKs8SK4C3dBh3oSJjgzJ3G5t1SYEZGHkP+QEpX9EQ==

tslib@^2.4.0:
  version "2.4.0"
  resolved "https://registry.yarnpkg.com/tslib/-/tslib-2.4.0.tgz#7cecaa7f073ce680a05847aa77be941098f36dc3"
  integrity sha512-d6xOpEDfsi2CZVlPQzGeux8XMwLT9hssAsaPYExaQMuYskwb+x1x7J371tWlbBdWHroy99KnVB6qIkUbs5X3UQ==

typescript@^4.7.4:
  version "4.7.4"
  resolved "https://registry.yarnpkg.com/typescript/-/typescript-4.7.4.tgz#1a88596d1cf47d59507a1bcdfb5b9dfe4d488235"
  integrity sha512-C0WQT0gezHuw6AdY1M2jxUO83Rjf0HP7Sk1DtXj6j1EwkQNZrHAg2XPWlq62oqEhYvONq5pkC2Y9oPljWToLmQ==

use-sync-external-store@1.2.0:
  version "1.2.0"
  resolved "https://registry.yarnpkg.com/use-sync-external-store/-/use-sync-external-store-1.2.0.tgz#7dbefd6ef3fe4e767a0cf5d7287aacfb5846928a"
  integrity sha512-eEgnFxGQ1Ife9bzYs6VLi8/4X6CObHMw9Qr9tPY43iKwsPw8xE8+EFsf/2cFZ5S3esXgpWgtSCtLNS41F+sKPA==
